
Microsoft Visual Studio Solution File, Format Version 12.00
# Visual Studio Version 17
VisualStudioVersion = 17.11.35222.181
MinimumVisualStudioVersion = 10.0.40219.1
Project("{8BC9CEB8-8B4A-11D0-8D11-00A0C91BC942}") = "LAB7.2rec", "LAB7.2rec.vcxproj", "{64C9F741-28BA-4F64-B6DA-7618F2993C1E}"
EndProject
Project("{8BC9CEB8-8B4A-11D0-8D11-00A0C91BC942}") = "UnitTestLAB7.2rec", "..\UnitTestLAB7.2rec\UnitTestLAB7.2rec.vcxproj", "{0485922F-1242-4407-90CA-2557B1160768}"
EndProject
Global
	GlobalSection(SolutionConfigurationPlatforms) = preSolution
		Debug|x64 = Debug|x64
		Debug|x86 = Debug|x86
		Release|x64 = Release|x64
		Release|x86 = Release|x86
	EndGlobalSection
	GlobalSection(ProjectConfigurationPlatforms) = postSolution
		{64C9F741-28BA-4F64-B6DA-7618F2993C1E}.Debug|x64.ActiveCfg = Debug|x64
		{64C9F741-28BA-4F64-B6DA-7618F2993C1E}.Debug|x64.Build.0 = Debug|x64
		{64C9F741-28BA-4F64-B6DA-7618F2993C1E}.Debug|x86.ActiveCfg = Debug|Win32
		{64C9F741-28BA-4F64-B6DA-7618F2993C1E}.Debug|x86.Build.0 = Debug|Win32
		{64C9F741-28BA-4F64-B6DA-7618F2993C1E}.Release|x64.ActiveCfg = Release|x64
		{64C9F741-28BA-4F64-B6DA-7618F2993C1E}.Release|x64.Build.0 = Release|x64
		{64C9F741-28BA-4F64-B6DA-7618F2993C1E}.Release|x86.ActiveCfg = Release|Win32
		{64C9F741-28BA-4F64-B6DA-7618F2993C1E}.Release|x86.Build.0 = Release|Win32
		{0485922F-1242-4407-90CA-2557B1160768}.Debug|x64.ActiveCfg = Debug|x64
		{0485922F-1242-4407-90CA-2557B1160768}.Debug|x64.Build.0 = Debug|x64
		{0485922F-1242-4407-90CA-2557B1160768}.Debug|x86.ActiveCfg = Debug|Win32
		{0485922F-1242-4407-90CA-2557B1160768}.Debug|x86.Build.0 = Debug|Win32
		{0485922F-1242-4407-90CA-2557B1160768}.Release|x64.ActiveCfg = Release|x64
		{0485922F-1242-4407-90CA-2557B1160768}.Release|x64.Build.0 = Release|x64
		{0485922F-1242-4407-90CA-2557B1160768}.Release|x86.ActiveCfg = Release|Win32
		{0485922F-1242-4407-90CA-2557B1160768}.Release|x86.Build.0 = Release|Win32
	EndGlobalSection
	GlobalSection(SolutionProperties) = preSolution
		HideSolutionNode = FALSE
	EndGlobalSection
	GlobalSection(ExtensibilityGlobals) = postSolution
		SolutionGuid = {AFEC6E45-4F6D-4E8D-ACCF-3CA1B996B53D}
	EndGlobalSection
EndGlobal
